
Microsoft Visual Studio Solution File, Format Version 12.00
# Visual Studio 15
VisualStudioVersion = 15.0.28010.2041
MinimumVisualStudioVersion = 10.0.40219.1
Project("{FAE04EC0-301F-11D3-BF4B-00C04F79EFBC}") = "ProvaExerc09", "ProvaExerc09\ProvaExerc09.csproj", "{F9C84390-2EE3-4919-8E05-931C611CA993}"
EndProject
Global
	GlobalSection(SolutionConfigurationPlatforms) = preSolution
		Debug|Any CPU = Debug|Any CPU
		Release|Any CPU = Release|Any CPU
	EndGlobalSection
	GlobalSection(ProjectConfigurationPlatforms) = postSolution
		{F9C84390-2EE3-4919-8E05-931C611CA993}.Debug|Any CPU.ActiveCfg = Debug|Any CPU
		{F9C84390-2EE3-4919-8E05-931C611CA993}.Debug|Any CPU.Build.0 = Debug|Any CPU
		{F9C84390-2EE3-4919-8E05-931C611CA993}.Release|Any CPU.ActiveCfg = Release|Any CPU
		{F9C84390-2EE3-4919-8E05-931C611CA993}.Release|Any CPU.Build.0 = Release|Any CPU
	EndGlobalSection
	GlobalSection(SolutionProperties) = preSolution
		HideSolutionNode = FALSE
	EndGlobalSection
	GlobalSection(ExtensibilityGlobals) = postSolution
		SolutionGuid = {8DFE853C-7E05-42D6-990C-F61F39002400}
	EndGlobalSection
EndGlobal
