
Microsoft Visual Studio Solution File, Format Version 12.00
# Visual Studio 15
VisualStudioVersion = 15.0.28010.2003
MinimumVisualStudioVersion = 10.0.40219.1
Project("{FAE04EC0-301F-11D3-BF4B-00C04F79EFBC}") = "exer02_Lis2", "exer02_Lis2\exer02_Lis2.csproj", "{0B3C11F0-4AD1-4E4B-A399-1F56924751B0}"
EndProject
Global
	GlobalSection(SolutionConfigurationPlatforms) = preSolution
		Debug|Any CPU = Debug|Any CPU
		Release|Any CPU = Release|Any CPU
	EndGlobalSection
	GlobalSection(ProjectConfigurationPlatforms) = postSolution
		{0B3C11F0-4AD1-4E4B-A399-1F56924751B0}.Debug|Any CPU.ActiveCfg = Debug|Any CPU
		{0B3C11F0-4AD1-4E4B-A399-1F56924751B0}.Debug|Any CPU.Build.0 = Debug|Any CPU
		{0B3C11F0-4AD1-4E4B-A399-1F56924751B0}.Release|Any CPU.ActiveCfg = Release|Any CPU
		{0B3C11F0-4AD1-4E4B-A399-1F56924751B0}.Release|Any CPU.Build.0 = Release|Any CPU
	EndGlobalSection
	GlobalSection(SolutionProperties) = preSolution
		HideSolutionNode = FALSE
	EndGlobalSection
	GlobalSection(ExtensibilityGlobals) = postSolution
		SolutionGuid = {C82E4E71-851E-4DB8-9AE1-F9A9B9AEB725}
	EndGlobalSection
EndGlobal
