
Microsoft Visual Studio Solution File, Format Version 12.00
# Visual Studio Version 17
VisualStudioVersion = 17.3.32825.248
MinimumVisualStudioVersion = 10.0.40219.1
Project("{FAE04EC0-301F-11D3-BF4B-00C04F79EFBC}") = "Exerc02", "Exerc02\Exerc02.csproj", "{301F279D-53AA-439F-BB77-54150F0CE447}"
EndProject
Global
	GlobalSection(SolutionConfigurationPlatforms) = preSolution
		Debug|Any CPU = Debug|Any CPU
		Release|Any CPU = Release|Any CPU
	EndGlobalSection
	GlobalSection(ProjectConfigurationPlatforms) = postSolution
		{301F279D-53AA-439F-BB77-54150F0CE447}.Debug|Any CPU.ActiveCfg = Debug|Any CPU
		{301F279D-53AA-439F-BB77-54150F0CE447}.Debug|Any CPU.Build.0 = Debug|Any CPU
		{301F279D-53AA-439F-BB77-54150F0CE447}.Release|Any CPU.ActiveCfg = Release|Any CPU
		{301F279D-53AA-439F-BB77-54150F0CE447}.Release|Any CPU.Build.0 = Release|Any CPU
	EndGlobalSection
	GlobalSection(SolutionProperties) = preSolution
		HideSolutionNode = FALSE
	EndGlobalSection
	GlobalSection(ExtensibilityGlobals) = postSolution
		SolutionGuid = {09B6FE97-381D-436B-A6ED-30FA85226E0D}
	EndGlobalSection
EndGlobal
