
Microsoft Visual Studio Solution File, Format Version 12.00
# Visual Studio 15
VisualStudioVersion = 15.0.28010.2003
MinimumVisualStudioVersion = 10.0.40219.1
Project("{FAE04EC0-301F-11D3-BF4B-00C04F79EFBC}") = "exer06_Lis2", "exer06_Lis2\exer06_Lis2.csproj", "{2CCE5AA3-77A6-49F5-897F-B3D3C5AF4F9B}"
EndProject
Global
	GlobalSection(SolutionConfigurationPlatforms) = preSolution
		Debug|Any CPU = Debug|Any CPU
		Release|Any CPU = Release|Any CPU
	EndGlobalSection
	GlobalSection(ProjectConfigurationPlatforms) = postSolution
		{2CCE5AA3-77A6-49F5-897F-B3D3C5AF4F9B}.Debug|Any CPU.ActiveCfg = Debug|Any CPU
		{2CCE5AA3-77A6-49F5-897F-B3D3C5AF4F9B}.Debug|Any CPU.Build.0 = Debug|Any CPU
		{2CCE5AA3-77A6-49F5-897F-B3D3C5AF4F9B}.Release|Any CPU.ActiveCfg = Release|Any CPU
		{2CCE5AA3-77A6-49F5-897F-B3D3C5AF4F9B}.Release|Any CPU.Build.0 = Release|Any CPU
	EndGlobalSection
	GlobalSection(SolutionProperties) = preSolution
		HideSolutionNode = FALSE
	EndGlobalSection
	GlobalSection(ExtensibilityGlobals) = postSolution
		SolutionGuid = {1E28E078-066E-4889-A550-14CD458ED9F9}
	EndGlobalSection
EndGlobal
