
Microsoft Visual Studio Solution File, Format Version 12.00
# Visual Studio Version 17
VisualStudioVersion = 17.3.32811.315
MinimumVisualStudioVersion = 10.0.40219.1
Project("{FAE04EC0-301F-11D3-BF4B-00C04F79EFBC}") = "Exerc09", "Exerc09\Exerc09.csproj", "{145A3E40-615F-4EDC-B967-5583FC1201BC}"
EndProject
Global
	GlobalSection(SolutionConfigurationPlatforms) = preSolution
		Debug|Any CPU = Debug|Any CPU
		Release|Any CPU = Release|Any CPU
	EndGlobalSection
	GlobalSection(ProjectConfigurationPlatforms) = postSolution
		{145A3E40-615F-4EDC-B967-5583FC1201BC}.Debug|Any CPU.ActiveCfg = Debug|Any CPU
		{145A3E40-615F-4EDC-B967-5583FC1201BC}.Debug|Any CPU.Build.0 = Debug|Any CPU
		{145A3E40-615F-4EDC-B967-5583FC1201BC}.Release|Any CPU.ActiveCfg = Release|Any CPU
		{145A3E40-615F-4EDC-B967-5583FC1201BC}.Release|Any CPU.Build.0 = Release|Any CPU
	EndGlobalSection
	GlobalSection(SolutionProperties) = preSolution
		HideSolutionNode = FALSE
	EndGlobalSection
	GlobalSection(ExtensibilityGlobals) = postSolution
		SolutionGuid = {92A0BA8B-7F6A-4674-8C32-9C484C5DBA3F}
	EndGlobalSection
EndGlobal
