
Microsoft Visual Studio Solution File, Format Version 12.00
# Visual Studio 15
VisualStudioVersion = 15.0.28010.2041
MinimumVisualStudioVersion = 10.0.40219.1
Project("{FAE04EC0-301F-11D3-BF4B-00C04F79EFBC}") = "ProvaExerc04", "ProvaExerc04\ProvaExerc04.csproj", "{B998F19E-3356-49BF-8ACA-2BFA7B4413A3}"
EndProject
Global
	GlobalSection(SolutionConfigurationPlatforms) = preSolution
		Debug|Any CPU = Debug|Any CPU
		Release|Any CPU = Release|Any CPU
	EndGlobalSection
	GlobalSection(ProjectConfigurationPlatforms) = postSolution
		{B998F19E-3356-49BF-8ACA-2BFA7B4413A3}.Debug|Any CPU.ActiveCfg = Debug|Any CPU
		{B998F19E-3356-49BF-8ACA-2BFA7B4413A3}.Debug|Any CPU.Build.0 = Debug|Any CPU
		{B998F19E-3356-49BF-8ACA-2BFA7B4413A3}.Release|Any CPU.ActiveCfg = Release|Any CPU
		{B998F19E-3356-49BF-8ACA-2BFA7B4413A3}.Release|Any CPU.Build.0 = Release|Any CPU
	EndGlobalSection
	GlobalSection(SolutionProperties) = preSolution
		HideSolutionNode = FALSE
	EndGlobalSection
	GlobalSection(ExtensibilityGlobals) = postSolution
		SolutionGuid = {BBC62277-329F-4D89-8AC9-7ADAE223CA3D}
	EndGlobalSection
EndGlobal
