
Microsoft Visual Studio Solution File, Format Version 12.00
# Visual Studio Version 17
VisualStudioVersion = 17.3.32825.248
MinimumVisualStudioVersion = 10.0.40219.1
Project("{FAE04EC0-301F-11D3-BF4B-00C04F79EFBC}") = "ProvaExerc12", "ProvaExerc12\ProvaExerc12.csproj", "{C0527199-63E9-4468-9661-B32D06C32311}"
EndProject
Global
	GlobalSection(SolutionConfigurationPlatforms) = preSolution
		Debug|Any CPU = Debug|Any CPU
		Release|Any CPU = Release|Any CPU
	EndGlobalSection
	GlobalSection(ProjectConfigurationPlatforms) = postSolution
		{C0527199-63E9-4468-9661-B32D06C32311}.Debug|Any CPU.ActiveCfg = Debug|Any CPU
		{C0527199-63E9-4468-9661-B32D06C32311}.Debug|Any CPU.Build.0 = Debug|Any CPU
		{C0527199-63E9-4468-9661-B32D06C32311}.Release|Any CPU.ActiveCfg = Release|Any CPU
		{C0527199-63E9-4468-9661-B32D06C32311}.Release|Any CPU.Build.0 = Release|Any CPU
	EndGlobalSection
	GlobalSection(SolutionProperties) = preSolution
		HideSolutionNode = FALSE
	EndGlobalSection
	GlobalSection(ExtensibilityGlobals) = postSolution
		SolutionGuid = {82A00F0B-A433-409B-945D-4BDF38544799}
	EndGlobalSection
EndGlobal
