
Microsoft Visual Studio Solution File, Format Version 12.00
# Visual Studio 15
VisualStudioVersion = 15.0.28010.2041
MinimumVisualStudioVersion = 10.0.40219.1
Project("{FAE04EC0-301F-11D3-BF4B-00C04F79EFBC}") = "ProvaExerc03", "ProvaExerc03\ProvaExerc03.csproj", "{FF1CAC60-2A9A-443A-9737-BC4F7F2ECD01}"
EndProject
Global
	GlobalSection(SolutionConfigurationPlatforms) = preSolution
		Debug|Any CPU = Debug|Any CPU
		Release|Any CPU = Release|Any CPU
	EndGlobalSection
	GlobalSection(ProjectConfigurationPlatforms) = postSolution
		{FF1CAC60-2A9A-443A-9737-BC4F7F2ECD01}.Debug|Any CPU.ActiveCfg = Debug|Any CPU
		{FF1CAC60-2A9A-443A-9737-BC4F7F2ECD01}.Debug|Any CPU.Build.0 = Debug|Any CPU
		{FF1CAC60-2A9A-443A-9737-BC4F7F2ECD01}.Release|Any CPU.ActiveCfg = Release|Any CPU
		{FF1CAC60-2A9A-443A-9737-BC4F7F2ECD01}.Release|Any CPU.Build.0 = Release|Any CPU
	EndGlobalSection
	GlobalSection(SolutionProperties) = preSolution
		HideSolutionNode = FALSE
	EndGlobalSection
	GlobalSection(ExtensibilityGlobals) = postSolution
		SolutionGuid = {DFD65C4E-F98F-4F4A-AEA7-C1AA8A3DBEF9}
	EndGlobalSection
EndGlobal
